// !$*UTF8*$!
{
	archiveVersion = 1;
	classes = {
	};
	objectVersion = 50;
	objects = {

/* Begin PBXBuildFile section */
		C192AC2222F6A08E002D30F6 /* AppDelegate.swift in Sources */ = {isa = PBXBuildFile; fileRef = C192AC2122F6A08E002D30F6 /* AppDelegate.swift */; };
		C192AC2422F6A08E002D30F6 /* ViewController.swift in Sources */ = {isa = PBXBuildFile; fileRef = C192AC2322F6A08E002D30F6 /* ViewController.swift */; };
		C192AC2722F6A08E002D30F6 /* Main.storyboard in Resources */ = {isa = PBXBuildFile; fileRef = C192AC2522F6A08E002D30F6 /* Main.storyboard */; };
		C192AC2922F6A08F002D30F6 /* Assets.xcassets in Resources */ = {isa = PBXBuildFile; fileRef = C192AC2822F6A08F002D30F6 /* Assets.xcassets */; };
		C192AC2C22F6A08F002D30F6 /* LaunchScreen.storyboard in Resources */ = {isa = PBXBuildFile; fileRef = C192AC2A22F6A08F002D30F6 /* LaunchScreen.storyboard */; };
		C192AC3422F6A56F002D30F6 /* GinTableViewController.swift in Sources */ = {isa = PBXBuildFile; fileRef = C192AC3322F6A56F002D30F6 /* GinTableViewController.swift */; };
		C192AC3622F6B423002D30F6 /* VodckTableViewController.swift in Sources */ = {isa = PBXBuildFile; fileRef = C192AC3522F6B423002D30F6 /* VodckTableViewController.swift */; };
		C192AC3822F6B435002D30F6 /* RumTableViewController.swift in Sources */ = {isa = PBXBuildFile; fileRef = C192AC3722F6B435002D30F6 /* RumTableViewController.swift */; };
		C192AC3A22F6B448002D30F6 /* TequilaTableViewController.swift in Sources */ = {isa = PBXBuildFile; fileRef = C192AC3922F6B448002D30F6 /* TequilaTableViewController.swift */; };
		C192AC3C22F6BF0E002D30F6 /* BM@2x.jpg in Resources */ = {isa = PBXBuildFile; fileRef = C192AC3B22F6BF0E002D30F6 /* BM@2x.jpg */; };
		C192AC3E22F6BF30002D30F6 /* gimret.jpg in Resources */ = {isa = PBXBuildFile; fileRef = C192AC3D22F6BF30002D30F6 /* gimret.jpg */; };
		C192AC4022F6BF43002D30F6 /* ginB@2x.jpg in Resources */ = {isa = PBXBuildFile; fileRef = C192AC3F22F6BF43002D30F6 /* ginB@2x.jpg */; };
		C192AC4222F6BF50002D30F6 /* ginL.jpg in Resources */ = {isa = PBXBuildFile; fileRef = C192AC4122F6BF50002D30F6 /* ginL.jpg */; };
		C192AC4422F6BF5D002D30F6 /* ginT@2x.jpg in Resources */ = {isa = PBXBuildFile; fileRef = C192AC4322F6BF5D002D30F6 /* ginT@2x.jpg */; };
		C192AC4622F6BF71002D30F6 /* MH@2x.jpg in Resources */ = {isa = PBXBuildFile; fileRef = C192AC4522F6BF70002D30F6 /* MH@2x.jpg */; };
		C192AC4822F6BF7F002D30F6 /* sunrise.jpg in Resources */ = {isa = PBXBuildFile; fileRef = C192AC4722F6BF7F002D30F6 /* sunrise.jpg */; };
		C192AC4A22F6BF91002D30F6 /* whiteL@2x.jpg in Resources */ = {isa = PBXBuildFile; fileRef = C192AC4922F6BF91002D30F6 /* whiteL@2x.jpg */; };
/* End PBXBuildFile section */

/* Begin PBXFileReference section */
		C192AC1E22F6A08E002D30F6 /* MyTableViewApp.app */ = {isa = PBXFileReference; explicitFileType = wrapper.application; includeInIndex = 0; path = MyTableViewApp.app; sourceTree = BUILT_PRODUCTS_DIR; };
		C192AC2122F6A08E002D30F6 /* AppDelegate.swift */ = {isa = PBXFileReference; lastKnownFileType = sourcecode.swift; path = AppDelegate.swift; sourceTree = "<group>"; };
		C192AC2322F6A08E002D30F6 /* ViewController.swift */ = {isa = PBXFileReference; lastKnownFileType = sourcecode.swift; path = ViewController.swift; sourceTree = "<group>"; };
		C192AC2622F6A08E002D30F6 /* Base */ = {isa = PBXFileReference; lastKnownFileType = file.storyboard; name = Base; path = Base.lproj/Main.storyboard; sourceTree = "<group>"; };
		C192AC2822F6A08F002D30F6 /* Assets.xcassets */ = {isa = PBXFileReference; lastKnownFileType = folder.assetcatalog; path = Assets.xcassets; sourceTree = "<group>"; };
		C192AC2B22F6A08F002D30F6 /* Base */ = {isa = PBXFileReference; lastKnownFileType = file.storyboard; name = Base; path = Base.lproj/LaunchScreen.storyboard; sourceTree = "<group>"; };
		C192AC2D22F6A08F002D30F6 /* Info.plist */ = {isa = PBXFileReference; lastKnownFileType = text.plist.xml; path = Info.plist; sourceTree = "<group>"; };
		C192AC3322F6A56F002D30F6 /* GinTableViewController.swift */ = {isa = PBXFileReference; lastKnownFileType = sourcecode.swift; path = GinTableViewController.swift; sourceTree = "<group>"; };
		C192AC3522F6B423002D30F6 /* VodckTableViewController.swift */ = {isa = PBXFileReference; lastKnownFileType = sourcecode.swift; path = VodckTableViewController.swift; sourceTree = "<group>"; };
		C192AC3722F6B435002D30F6 /* RumTableViewController.swift */ = {isa = PBXFileReference; lastKnownFileType = sourcecode.swift; path = RumTableViewController.swift; sourceTree = "<group>"; };
		C192AC3922F6B448002D30F6 /* TequilaTableViewController.swift */ = {isa = PBXFileReference; lastKnownFileType = sourcecode.swift; path = TequilaTableViewController.swift; sourceTree = "<group>"; };
		C192AC3B22F6BF0E002D30F6 /* BM@2x.jpg */ = {isa = PBXFileReference; lastKnownFileType = image.jpeg; path = "BM@2x.jpg"; sourceTree = "<group>"; };
		C192AC3D22F6BF30002D30F6 /* gimret.jpg */ = {isa = PBXFileReference; lastKnownFileType = image.jpeg; path = gimret.jpg; sourceTree = "<group>"; };
		C192AC3F22F6BF43002D30F6 /* ginB@2x.jpg */ = {isa = PBXFileReference; lastKnownFileType = image.jpeg; path = "ginB@2x.jpg"; sourceTree = "<group>"; };
		C192AC4122F6BF50002D30F6 /* ginL.jpg */ = {isa = PBXFileReference; lastKnownFileType = image.jpeg; path = ginL.jpg; sourceTree = "<group>"; };
		C192AC4322F6BF5D002D30F6 /* ginT@2x.jpg */ = {isa = PBXFileReference; lastKnownFileType = image.jpeg; path = "ginT@2x.jpg"; sourceTree = "<group>"; };
		C192AC4522F6BF70002D30F6 /* MH@2x.jpg */ = {isa = PBXFileReference; lastKnownFileType = image.jpeg; path = "MH@2x.jpg"; sourceTree = "<group>"; };
		C192AC4722F6BF7F002D30F6 /* sunrise.jpg */ = {isa = PBXFileReference; lastKnownFileType = image.jpeg; path = sunrise.jpg; sourceTree = "<group>"; };
		C192AC4922F6BF91002D30F6 /* whiteL@2x.jpg */ = {isa = PBXFileReference; lastKnownFileType = image.jpeg; path = "whiteL@2x.jpg"; sourceTree = "<group>"; };
/* End PBXFileReference section */

/* Begin PBXFrameworksBuildPhase section */
		C192AC1B22F6A08E002D30F6 /* Frameworks */ = {
			isa = PBXFrameworksBuildPhase;
			buildActionMask = 2147483647;
			files = (
			);
			runOnlyForDeploymentPostprocessing = 0;
		};
/* End PBXFrameworksBuildPhase section */

/* Begin PBXGroup section */
		C192AC1522F6A08E002D30F6 = {
			isa = PBXGroup;
			children = (
				C192AC2022F6A08E002D30F6 /* MyTableViewApp */,
				C192AC1F22F6A08E002D30F6 /* Products */,
			);
			sourceTree = "<group>";
		};
		C192AC1F22F6A08E002D30F6 /* Products */ = {
			isa = PBXGroup;
			children = (
				C192AC1E22F6A08E002D30F6 /* MyTableViewApp.app */,
			);
			name = Products;
			sourceTree = "<group>";
		};
		C192AC2022F6A08E002D30F6 /* MyTableViewApp */ = {
			isa = PBXGroup;
			children = (
				C192AC2122F6A08E002D30F6 /* AppDelegate.swift */,
				C192AC2322F6A08E002D30F6 /* ViewController.swift */,
				C192AC2522F6A08E002D30F6 /* Main.storyboard */,
				C192AC2822F6A08F002D30F6 /* Assets.xcassets */,
				C192AC4922F6BF91002D30F6 /* whiteL@2x.jpg */,
				C192AC4722F6BF7F002D30F6 /* sunrise.jpg */,
				C192AC4522F6BF70002D30F6 /* MH@2x.jpg */,
				C192AC4322F6BF5D002D30F6 /* ginT@2x.jpg */,
				C192AC4122F6BF50002D30F6 /* ginL.jpg */,
				C192AC3F22F6BF43002D30F6 /* ginB@2x.jpg */,
				C192AC3D22F6BF30002D30F6 /* gimret.jpg */,
				C192AC3B22F6BF0E002D30F6 /* BM@2x.jpg */,
				C192AC2A22F6A08F002D30F6 /* LaunchScreen.storyboard */,
				C192AC2D22F6A08F002D30F6 /* Info.plist */,
				C192AC3322F6A56F002D30F6 /* GinTableViewController.swift */,
				C192AC3522F6B423002D30F6 /* VodckTableViewController.swift */,
				C192AC3722F6B435002D30F6 /* RumTableViewController.swift */,
				C192AC3922F6B448002D30F6 /* TequilaTableViewController.swift */,
			);
			path = MyTableViewApp;
			sourceTree = "<group>";
		};
/* End PBXGroup section */

/* Begin PBXNativeTarget section */
		C192AC1D22F6A08E002D30F6 /* MyTableViewApp */ = {
			isa = PBXNativeTarget;
			buildConfigurationList = C192AC3022F6A08F002D30F6 /* Build configuration list for PBXNativeTarget "MyTableViewApp" */;
			buildPhases = (
				C192AC1A22F6A08E002D30F6 /* Sources */,
				C192AC1B22F6A08E002D30F6 /* Frameworks */,
				C192AC1C22F6A08E002D30F6 /* Resources */,
			);
			buildRules = (
			);
			dependencies = (
			);
			name = MyTableViewApp;
			productName = MyTableViewApp;
			productReference = C192AC1E22F6A08E002D30F6 /* MyTableViewApp.app */;
			productType = "com.apple.product-type.application";
		};
/* End PBXNativeTarget section */

/* Begin PBXProject section */
		C192AC1622F6A08E002D30F6 /* Project object */ = {
			isa = PBXProject;
			attributes = {
				LastSwiftUpdateCheck = 1020;
				LastUpgradeCheck = 1020;
				ORGANIZATIONNAME = VERTEX24;
				TargetAttributes = {
					C192AC1D22F6A08E002D30F6 = {
						CreatedOnToolsVersion = 10.2.1;
					};
				};
			};
			buildConfigurationList = C192AC1922F6A08E002D30F6 /* Build configuration list for PBXProject "MyTableViewApp" */;
			compatibilityVersion = "Xcode 9.3";
			developmentRegion = en;
			hasScannedForEncodings = 0;
			knownRegions = (
				en,
				Base,
			);
			mainGroup = C192AC1522F6A08E002D30F6;
			productRefGroup = C192AC1F22F6A08E002D30F6 /* Products */;
			projectDirPath = "";
			projectRoot = "";
			targets = (
				C192AC1D22F6A08E002D30F6 /* MyTableViewApp */,
			);
		};
/* End PBXProject section */

/* Begin PBXResourcesBuildPhase section */
		C192AC1C22F6A08E002D30F6 /* Resources */ = {
			isa = PBXResourcesBuildPhase;
			buildActionMask = 2147483647;
			files = (
				C192AC4022F6BF43002D30F6 /* ginB@2x.jpg in Resources */,
				C192AC2C22F6A08F002D30F6 /* LaunchScreen.storyboard in Resources */,
				C192AC3C22F6BF0E002D30F6 /* BM@2x.jpg in Resources */,
				C192AC4822F6BF7F002D30F6 /* sunrise.jpg in Resources */,
				C192AC3E22F6BF30002D30F6 /* gimret.jpg in Resources */,
				C192AC2922F6A08F002D30F6 /* Assets.xcassets in Resources */,
				C192AC4622F6BF71002D30F6 /* MH@2x.jpg in Resources */,
				C192AC4222F6BF50002D30F6 /* ginL.jpg in Resources */,
				C192AC4422F6BF5D002D30F6 /* ginT@2x.jpg in Resources */,
				C192AC2722F6A08E002D30F6 /* Main.storyboard in Resources */,
				C192AC4A22F6BF91002D30F6 /* whiteL@2x.jpg in Resources */,
			);
			runOnlyForDeploymentPostprocessing = 0;
		};
/* End PBXResourcesBuildPhase section */

/* Begin PBXSourcesBuildPhase section */
		C192AC1A22F6A08E002D30F6 /* Sources */ = {
			isa = PBXSourcesBuildPhase;
			buildActionMask = 2147483647;
			files = (
				C192AC3A22F6B448002D30F6 /* TequilaTableViewController.swift in Sources */,
				C192AC2422F6A08E002D30F6 /* ViewController.swift in Sources */,
				C192AC3422F6A56F002D30F6 /* GinTableViewController.swift in Sources */,
				C192AC2222F6A08E002D30F6 /* AppDelegate.swift in Sources */,
				C192AC3622F6B423002D30F6 /* VodckTableViewController.swift in Sources */,
				C192AC3822F6B435002D30F6 /* RumTableViewController.swift in Sources */,
			);
			runOnlyForDeploymentPostprocessing = 0;
		};
/* End PBXSourcesBuildPhase section */

/* Begin PBXVariantGroup section */
		C192AC2522F6A08E002D30F6 /* Main.storyboard */ = {
			isa = PBXVariantGroup;
			children = (
				C192AC2622F6A08E002D30F6 /* Base */,
			);
			name = Main.storyboard;
			sourceTree = "<group>";
		};
		C192AC2A22F6A08F002D30F6 /* LaunchScreen.storyboard */ = {
			isa = PBXVariantGroup;
			children = (
				C192AC2B22F6A08F002D30F6 /* Base */,
			);
			name = LaunchScreen.storyboard;
			sourceTree = "<group>";
		};
/* End PBXVariantGroup section */

/* Begin XCBuildConfiguration section */
		C192AC2E22F6A08F002D30F6 /* Debug */ = {
			isa = XCBuildConfiguration;
			buildSettings = {
				ALWAYS_SEARCH_USER_PATHS = NO;
				CLANG_ANALYZER_NONNULL = YES;
				CLANG_ANALYZER_NUMBER_OBJECT_CONVERSION = YES_AGGRESSIVE;
				CLANG_CXX_LANGUAGE_STANDARD = "gnu++14";
				CLANG_CXX_LIBRARY = "libc++";
				CLANG_ENABLE_MODULES = YES;
				CLANG_ENABLE_OBJC_ARC = YES;
				CLANG_ENABLE_OBJC_WEAK = YES;
				CLANG_WARN_BLOCK_CAPTURE_AUTORELEASING = YES;
				CLANG_WARN_BOOL_CONVERSION = YES;
				CLANG_WARN_COMMA = YES;
				CLANG_WARN_CONSTANT_CONVERSION = YES;
				CLANG_WARN_DEPRECATED_OBJC_IMPLEMENTATIONS = YES;
				CLANG_WARN_DIRECT_OBJC_ISA_USAGE = YES_ERROR;
				CLANG_WARN_DOCUMENTATION_COMMENTS = YES;
				CLANG_WARN_EMPTY_BODY = YES;
				CLANG_WARN_ENUM_CONVERSION = YES;
				CLANG_WARN_INFINITE_RECURSION = YES;
				CLANG_WARN_INT_CONVERSION = YES;
				CLANG_WARN_NON_LITERAL_NULL_CONVERSION = YES;
				CLANG_WARN_OBJC_IMPLICIT_RETAIN_SELF = YES;
				CLANG_WARN_OBJC_LITERAL_CONVERSION = YES;
				CLANG_WARN_OBJC_ROOT_CLASS = YES_ERROR;
				CLANG_WARN_RANGE_LOOP_ANALYSIS = YES;
				CLANG_WARN_STRICT_PROTOTYPES = YES;
				CLANG_WARN_SUSPICIOUS_MOVE = YES;
				CLANG_WARN_UNGUARDED_AVAILABILITY = YES_AGGRESSIVE;
				CLANG_WARN_UNREACHABLE_CODE = YES;
				CLANG_WARN__DUPLICATE_METHOD_MATCH = YES;
				CODE_SIGN_IDENTITY = "iPhone Developer";
				COPY_PHASE_STRIP = NO;
				DEBUG_INFORMATION_FORMAT = dwarf;
				ENABLE_STRICT_OBJC_MSGSEND = YES;
				ENABLE_TESTABILITY = YES;
				GCC_C_LANGUAGE_STANDARD = gnu11;
				GCC_DYNAMIC_NO_PIC = NO;
				GCC_NO_COMMON_BLOCKS = YES;
				GCC_OPTIMIZATION_LEVEL = 0;
				GCC_PREPROCESSOR_DEFINITIONS = (
					"DEBUG=1",
					"$(inherited)",
				);
				GCC_WARN_64_TO_32_BIT_CONVERSION = YES;
				GCC_WARN_ABOUT_RETURN_TYPE = YES_ERROR;
				GCC_WARN_UNDECLARED_SELECTOR = YES;
				GCC_WARN_UNINITIALIZED_AUTOS = YES_AGGRESSIVE;
				GCC_WARN_UNUSED_FUNCTION = YES;
				GCC_WARN_UNUSED_VARIABLE = YES;
				IPHONEOS_DEPLOYMENT_TARGET = 12.2;
				MTL_ENABLE_DEBUG_INFO = INCLUDE_SOURCE;
				MTL_FAST_MATH = YES;
				ONLY_ACTIVE_ARCH = YES;
				SDKROOT = iphoneos;
				SWIFT_ACTIVE_COMPILATION_CONDITIONS = DEBUG;
				SWIFT_OPTIMIZATION_LEVEL = "-Onone";
			};
			name = Debug;
		};
		C192AC2F22F6A08F002D30F6 /* Release */ = {
			isa = XCBuildConfiguration;
			buildSettings = {
				ALWAYS_SEARCH_USER_PATHS = NO;
				CLANG_ANALYZER_NONNULL = YES;
				CLANG_ANALYZER_NUMBER_OBJECT_CONVERSION = YES_AGGRESSIVE;
				CLANG_CXX_LANGUAGE_STANDARD = "gnu++14";
				CLANG_CXX_LIBRARY = "libc++";
				CLANG_ENABLE_MODULES = YES;
				CLANG_ENABLE_OBJC_ARC = YES;
				CLANG_ENABLE_OBJC_WEAK = YES;
				CLANG_WARN_BLOCK_CAPTURE_AUTORELEASING = YES;
				CLANG_WARN_BOOL_CONVERSION = YES;
				CLANG_WARN_COMMA = YES;
				CLANG_WARN_CONSTANT_CONVERSION = YES;
				CLANG_WARN_DEPRECATED_OBJC_IMPLEMENTATIONS = YES;
				CLANG_WARN_DIRECT_OBJC_ISA_USAGE = YES_ERROR;
				CLANG_WARN_DOCUMENTATION_COMMENTS = YES;
				CLANG_WARN_EMPTY_BODY = YES;
				CLANG_WARN_ENUM_CONVERSION = YES;
				CLANG_WARN_INFINITE_RECURSION = YES;
				CLANG_WARN_INT_CONVERSION = YES;
				CLANG_WARN_NON_LITERAL_NULL_CONVERSION = YES;
				CLANG_WARN_OBJC_IMPLICIT_RETAIN_SELF = YES;
				CLANG_WARN_OBJC_LITERAL_CONVERSION = YES;
				CLANG_WARN_OBJC_ROOT_CLASS = YES_ERROR;
				CLANG_WARN_RANGE_LOOP_ANALYSIS = YES;
				CLANG_WARN_STRICT_PROTOTYPES = YES;
				CLANG_WARN_SUSPICIOUS_MOVE = YES;
				CLANG_WARN_UNGUARDED_AVAILABILITY = YES_AGGRESSIVE;
				CLANG_WARN_UNREACHABLE_CODE = YES;
				CLANG_WARN__DUPLICATE_METHOD_MATCH = YES;
				CODE_SIGN_IDENTITY = "iPhone Developer";
				COPY_PHASE_STRIP = NO;
				DEBUG_INFORMATION_FORMAT = "dwarf-with-dsym";
				ENABLE_NS_ASSERTIONS = NO;
				ENABLE_STRICT_OBJC_MSGSEND = YES;
				GCC_C_LANGUAGE_STANDARD = gnu11;
				GCC_NO_COMMON_BLOCKS = YES;
				GCC_WARN_64_TO_32_BIT_CONVERSION = YES;
				GCC_WARN_ABOUT_RETURN_TYPE = YES_ERROR;
				GCC_WARN_UNDECLARED_SELECTOR = YES;
				GCC_WARN_UNINITIALIZED_AUTOS = YES_AGGRESSIVE;
				GCC_WARN_UNUSED_FUNCTION = YES;
				GCC_WARN_UNUSED_VARIABLE = YES;
				IPHONEOS_DEPLOYMENT_TARGET = 12.2;
				MTL_ENABLE_DEBUG_INFO = NO;
				MTL_FAST_MATH = YES;
				SDKROOT = iphoneos;
				SWIFT_COMPILATION_MODE = wholemodule;
				SWIFT_OPTIMIZATION_LEVEL = "-O";
				VALIDATE_PRODUCT = YES;
			};
			name = Release;
		};
		C192AC3122F6A08F002D30F6 /* Debug */ = {
			isa = XCBuildConfiguration;
			buildSettings = {
				ASSETCATALOG_COMPILER_APPICON_NAME = AppIcon;
				CODE_SIGN_STYLE = Automatic;
				INFOPLIST_FILE = MyTableViewApp/Info.plist;
				LD_RUNPATH_SEARCH_PATHS = (
					"$(inherited)",
					"@executable_path/Frameworks",
				);
				PRODUCT_BUNDLE_IDENTIFIER = asobi.MyTableViewApp;
				PRODUCT_NAME = "$(TARGET_NAME)";
				SWIFT_VERSION = 5.0;
				TARGETED_DEVICE_FAMILY = "1,2";
			};
			name = Debug;
		};
		C192AC3222F6A08F002D30F6 /* Release */ = {
			isa = XCBuildConfiguration;
			buildSettings = {
				ASSETCATALOG_COMPILER_APPICON_NAME = AppIcon;
				CODE_SIGN_STYLE = Automatic;
				INFOPLIST_FILE = MyTableViewApp/Info.plist;
				LD_RUNPATH_SEARCH_PATHS = (
					"$(inherited)",
					"@executable_path/Frameworks",
				);
				PRODUCT_BUNDLE_IDENTIFIER = asobi.MyTableViewApp;
				PRODUCT_NAME = "$(TARGET_NAME)";
				SWIFT_VERSION = 5.0;
				TARGETED_DEVICE_FAMILY = "1,2";
			};
			name = Release;
		};
/* End XCBuildConfiguration section */

/* Begin XCConfigurationList section */
		C192AC1922F6A08E002D30F6 /* Build configuration list for PBXProject "MyTableViewApp" */ = {
			isa = XCConfigurationList;
			buildConfigurations = (
				C192AC2E22F6A08F002D30F6 /* Debug */,
				C192AC2F22F6A08F002D30F6 /* Release */,
			);
			defaultConfigurationIsVisible = 0;
			defaultConfigurationName = Release;
		};
		C192AC3022F6A08F002D30F6 /* Build configuration list for PBXNativeTarget "MyTableViewApp" */ = {
			isa = XCConfigurationList;
			buildConfigurations = (
				C192AC3122F6A08F002D30F6 /* Debug */,
				C192AC3222F6A08F002D30F6 /* Release */,
			);
			defaultConfigurationIsVisible = 0;
			defaultConfigurationName = Release;
		};
/* End XCConfigurationList section */
	};
	rootObject = C192AC1622F6A08E002D30F6 /* Project object */;
}
